// !$*UTF8*$!
{
	archiveVersion = 1;
	classes = {
	};
	objectVersion = 46;
	objects = {

/* Begin PBXBuildFile section */
		42020D1F1E08031700C23ED7 /* main.m in Sources */ = {isa = PBXBuildFile; fileRef = 42020D1E1E08031700C23ED7 /* main.m */; };
		42020D221E08031700C23ED7 /* AppDelegate.m in Sources */ = {isa = PBXBuildFile; fileRef = 42020D211E08031700C23ED7 /* AppDelegate.m */; };
		42020D251E08031700C23ED7 /* ViewController.m in Sources */ = {isa = PBXBuildFile; fileRef = 42020D241E08031700C23ED7 /* ViewController.m */; };
		42020D281E08031700C23ED7 /* Main.storyboard in Resources */ = {isa = PBXBuildFile; fileRef = 42020D261E08031700C23ED7 /* Main.storyboard */; };
		42020D2A1E08031700C23ED7 /* Assets.xcassets in Resources */ = {isa = PBXBuildFile; fileRef = 42020D291E08031700C23ED7 /* Assets.xcassets */; };
		42020D2D1E08031700C23ED7 /* LaunchScreen.storyboard in Resources */ = {isa = PBXBuildFile; fileRef = 42020D2B1E08031700C23ED7 /* LaunchScreen.storyboard */; };
		42020D361E08070400C23ED7 /* LeftLineView.m in Sources */ = {isa = PBXBuildFile; fileRef = 42020D351E08070400C23ED7 /* LeftLineView.m */; };
/* End PBXBuildFile section */

/* Begin PBXFileReference section */
		42020D1A1E08031700C23ED7 /* GuoTableView.app */ = {isa = PBXFileReference; explicitFileType = wrapper.application; includeInIndex = 0; path = GuoTableView.app; sourceTree = BUILT_PRODUCTS_DIR; };
		42020D1E1E08031700C23ED7 /* main.m */ = {isa = PBXFileReference; lastKnownFileType = sourcecode.c.objc; path = main.m; sourceTree = "<group>"; };
		42020D201E08031700C23ED7 /* AppDelegate.h */ = {isa = PBXFileReference; lastKnownFileType = sourcecode.c.h; path = AppDelegate.h; sourceTree = "<group>"; };
		42020D211E08031700C23ED7 /* AppDelegate.m */ = {isa = PBXFileReference; lastKnownFileType = sourcecode.c.objc; path = AppDelegate.m; sourceTree = "<group>"; };
		42020D231E08031700C23ED7 /* ViewController.h */ = {isa = PBXFileReference; lastKnownFileType = sourcecode.c.h; path = ViewController.h; sourceTree = "<group>"; };
		42020D241E08031700C23ED7 /* ViewController.m */ = {isa = PBXFileReference; lastKnownFileType = sourcecode.c.objc; path = ViewController.m; sourceTree = "<group>"; };
		42020D271E08031700C23ED7 /* Base */ = {isa = PBXFileReference; lastKnownFileType = file.storyboard; name = Base; path = Base.lproj/Main.storyboard; sourceTree = "<group>"; };
		42020D291E08031700C23ED7 /* Assets.xcassets */ = {isa = PBXFileReference; lastKnownFileType = folder.assetcatalog; path = Assets.xcassets; sourceTree = "<group>"; };
		42020D2C1E08031700C23ED7 /* Base */ = {isa = PBXFileReference; lastKnownFileType = file.storyboard; name = Base; path = Base.lproj/LaunchScreen.storyboard; sourceTree = "<group>"; };
		42020D2E1E08031700C23ED7 /* Info.plist */ = {isa = PBXFileReference; lastKnownFileType = text.plist.xml; path = Info.plist; sourceTree = "<group>"; };
		42020D341E08070400C23ED7 /* LeftLineView.h */ = {isa = PBXFileReference; fileEncoding = 4; lastKnownFileType = sourcecode.c.h; path = LeftLineView.h; sourceTree = "<group>"; };
		42020D351E08070400C23ED7 /* LeftLineView.m */ = {isa = PBXFileReference; fileEncoding = 4; lastKnownFileType = sourcecode.c.objc; path = LeftLineView.m; sourceTree = "<group>"; };
/* End PBXFileReference section */

/* Begin PBXFrameworksBuildPhase section */
		42020D171E08031700C23ED7 /* Frameworks */ = {
			isa = PBXFrameworksBuildPhase;
			buildActionMask = 2147483647;
			files = (
			);
			runOnlyForDeploymentPostprocessing = 0;
		};
/* End PBXFrameworksBuildPhase section */

/* Begin PBXGroup section */
		42020D111E08031700C23ED7 = {
			isa = PBXGroup;
			children = (
				42020D1C1E08031700C23ED7 /* GuoTableView */,
				42020D1B1E08031700C23ED7 /* Products */,
			);
			sourceTree = "<group>";
		};
		42020D1B1E08031700C23ED7 /* Products */ = {
			isa = PBXGroup;
			children = (
				42020D1A1E08031700C23ED7 /* GuoTableView.app */,
			);
			name = Products;
			sourceTree = "<group>";
		};
		42020D1C1E08031700C23ED7 /* GuoTableView */ = {
			isa = PBXGroup;
			children = (
				42020D201E08031700C23ED7 /* AppDelegate.h */,
				42020D211E08031700C23ED7 /* AppDelegate.m */,
				42020D231E08031700C23ED7 /* ViewController.h */,
				42020D241E08031700C23ED7 /* ViewController.m */,
				42020D261E08031700C23ED7 /* Main.storyboard */,
				42020D291E08031700C23ED7 /* Assets.xcassets */,
				42020D2B1E08031700C23ED7 /* LaunchScreen.storyboard */,
				42020D2E1E08031700C23ED7 /* Info.plist */,
				42020D1D1E08031700C23ED7 /* Supporting Files */,
				42020D341E08070400C23ED7 /* LeftLineView.h */,
				42020D351E08070400C23ED7 /* LeftLineView.m */,
			);
			path = GuoTableView;
			sourceTree = "<group>";
		};
		42020D1D1E08031700C23ED7 /* Supporting Files */ = {
			isa = PBXGroup;
			children = (
				42020D1E1E08031700C23ED7 /* main.m */,
			);
			name = "Supporting Files";
			sourceTree = "<group>";
		};
/* End PBXGroup section */

/* Begin PBXNativeTarget section */
		42020D191E08031700C23ED7 /* GuoTableView */ = {
			isa = PBXNativeTarget;
			buildConfigurationList = 42020D311E08031700C23ED7 /* Build configuration list for PBXNativeTarget "GuoTableView" */;
			buildPhases = (
				42020D161E08031700C23ED7 /* Sources */,
				42020D171E08031700C23ED7 /* Frameworks */,
				42020D181E08031700C23ED7 /* Resources */,
			);
			buildRules = (
			);
			dependencies = (
			);
			name = GuoTableView;
			productName = GuoTableView;
			productReference = 42020D1A1E08031700C23ED7 /* GuoTableView.app */;
			productType = "com.apple.product-type.application";
		};
/* End PBXNativeTarget section */

/* Begin PBXProject section */
		42020D121E08031700C23ED7 /* Project object */ = {
			isa = PBXProject;
			attributes = {
				LastUpgradeCheck = 0810;
				ORGANIZATIONNAME = niaoren;
				TargetAttributes = {
					42020D191E08031700C23ED7 = {
						CreatedOnToolsVersion = 8.1;
						DevelopmentTeam = GTBA3VY927;
						ProvisioningStyle = Automatic;
					};
				};
			};
			buildConfigurationList = 42020D151E08031700C23ED7 /* Build configuration list for PBXProject "GuoTableView" */;
			compatibilityVersion = "Xcode 3.2";
			developmentRegion = English;
			hasScannedForEncodings = 0;
			knownRegions = (
				en,
				Base,
			);
			mainGroup = 42020D111E08031700C23ED7;
			productRefGroup = 42020D1B1E08031700C23ED7 /* Products */;
			projectDirPath = "";
			projectRoot = "";
			targets = (
				42020D191E08031700C23ED7 /* GuoTableView */,
			);
		};
/* End PBXProject section */

/* Begin PBXResourcesBuildPhase section */
		42020D181E08031700C23ED7 /* Resources */ = {
			isa = PBXResourcesBuildPhase;
			buildActionMask = 2147483647;
			files = (
				42020D2D1E08031700C23ED7 /* LaunchScreen.storyboard in Resources */,
				42020D2A1E08031700C23ED7 /* Assets.xcassets in Resources */,
				42020D281E08031700C23ED7 /* Main.storyboard in Resources */,
			);
			runOnlyForDeploymentPostprocessing = 0;
		};
/* End PBXResourcesBuildPhase section */

/* Begin PBXSourcesBuildPhase section */
		42020D161E08031700C23ED7 /* Sources */ = {
			isa = PBXSourcesBuildPhase;
			buildActionMask = 2147483647;
			files = (
				42020D251E08031700C23ED7 /* ViewController.m in Sources */,
				42020D221E08031700C23ED7 /* AppDelegate.m in Sources */,
				42020D1F1E08031700C23ED7 /* main.m in Sources */,
				42020D361E08070400C23ED7 /* LeftLineView.m in Sources */,
			);
			runOnlyForDeploymentPostprocessing = 0;
		};
/* End PBXSourcesBuildPhase section */

/* Begin PBXVariantGroup section */
		42020D261E08031700C23ED7 /* Main.storyboard */ = {
			isa = PBXVariantGroup;
			children = (
				42020D271E08031700C23ED7 /* Base */,
			);
			name = Main.storyboard;
			sourceTree = "<group>";
		};
		42020D2B1E08031700C23ED7 /* LaunchScreen.storyboard */ = {
			isa = PBXVariantGroup;
			children = (
				42020D2C1E08031700C23ED7 /* Base */,
			);
			name = LaunchScreen.storyboard;
			sourceTree = "<group>";
		};
/* End PBXVariantGroup section */

/* Begin XCBuildConfiguration section */
		42020D2F1E08031700C23ED7 /* Debug */ = {
			isa = XCBuildConfiguration;
			buildSettings = {
				ALWAYS_SEARCH_USER_PATHS = NO;
				CLANG_ANALYZER_NONNULL = YES;
				CLANG_CXX_LANGUAGE_STANDARD = "gnu++0x";
				CLANG_CXX_LIBRARY = "libc++";
				CLANG_ENABLE_MODULES = YES;
				CLANG_ENABLE_OBJC_ARC = YES;
				CLANG_WARN_BOOL_CONVERSION = YES;
				CLANG_WARN_CONSTANT_CONVERSION = YES;
				CLANG_WARN_DIRECT_OBJC_ISA_USAGE = YES_ERROR;
				CLANG_WARN_DOCUMENTATION_COMMENTS = YES;
				CLANG_WARN_EMPTY_BODY = YES;
				CLANG_WARN_ENUM_CONVERSION = YES;
				CLANG_WARN_INFINITE_RECURSION = YES;
				CLANG_WARN_INT_CONVERSION = YES;
				CLANG_WARN_OBJC_ROOT_CLASS = YES_ERROR;
				CLANG_WARN_SUSPICIOUS_MOVES = YES;
				CLANG_WARN_UNREACHABLE_CODE = YES;
				CLANG_WARN__DUPLICATE_METHOD_MATCH = YES;
				"CODE_SIGN_IDENTITY[sdk=iphoneos*]" = "iPhone Developer";
				COPY_PHASE_STRIP = NO;
				DEBUG_INFORMATION_FORMAT = dwarf;
				ENABLE_STRICT_OBJC_MSGSEND = YES;
				ENABLE_TESTABILITY = YES;
				GCC_C_LANGUAGE_STANDARD = gnu99;
				GCC_DYNAMIC_NO_PIC = NO;
				GCC_NO_COMMON_BLOCKS = YES;
				GCC_OPTIMIZATION_LEVEL = 0;
				GCC_PREPROCESSOR_DEFINITIONS = (
					"DEBUG=1",
					"$(inherited)",
				);
				GCC_WARN_64_TO_32_BIT_CONVERSION = YES;
				GCC_WARN_ABOUT_RETURN_TYPE = YES_ERROR;
				GCC_WARN_UNDECLARED_SELECTOR = YES;
				GCC_WARN_UNINITIALIZED_AUTOS = YES_AGGRESSIVE;
				GCC_WARN_UNUSED_FUNCTION = YES;
				GCC_WARN_UNUSED_VARIABLE = YES;
				IPHONEOS_DEPLOYMENT_TARGET = 10.1;
				MTL_ENABLE_DEBUG_INFO = YES;
				ONLY_ACTIVE_ARCH = YES;
				SDKROOT = iphoneos;
				TARGETED_DEVICE_FAMILY = "1,2";
			};
			name = Debug;
		};
		42020D301E08031700C23ED7 /* Release */ = {
			isa = XCBuildConfiguration;
			buildSettings = {
				ALWAYS_SEARCH_USER_PATHS = NO;
				CLANG_ANALYZER_NONNULL = YES;
				CLANG_CXX_LANGUAGE_STANDARD = "gnu++0x";
				CLANG_CXX_LIBRARY = "libc++";
				CLANG_ENABLE_MODULES = YES;
				CLANG_ENABLE_OBJC_ARC = YES;
				CLANG_WARN_BOOL_CONVERSION = YES;
				CLANG_WARN_CONSTANT_CONVERSION = YES;
				CLANG_WARN_DIRECT_OBJC_ISA_USAGE = YES_ERROR;
				CLANG_WARN_DOCUMENTATION_COMMENTS = YES;
				CLANG_WARN_EMPTY_BODY = YES;
				CLANG_WARN_ENUM_CONVERSION = YES;
				CLANG_WARN_INFINITE_RECURSION = YES;
				CLANG_WARN_INT_CONVERSION = YES;
				CLANG_WARN_OBJC_ROOT_CLASS = YES_ERROR;
				CLANG_WARN_SUSPICIOUS_MOVES = YES;
				CLANG_WARN_UNREACHABLE_CODE = YES;
				CLANG_WARN__DUPLICATE_METHOD_MATCH = YES;
				"CODE_SIGN_IDENTITY[sdk=iphoneos*]" = "iPhone Developer";
				COPY_PHASE_STRIP = NO;
				DEBUG_INFORMATION_FORMAT = "dwarf-with-dsym";
				ENABLE_NS_ASSERTIONS = NO;
				ENABLE_STRICT_OBJC_MSGSEND = YES;
				GCC_C_LANGUAGE_STANDARD = gnu99;
				GCC_NO_COMMON_BLOCKS = YES;
				GCC_WARN_64_TO_32_BIT_CONVERSION = YES;
				GCC_WARN_ABOUT_RETURN_TYPE = YES_ERROR;
				GCC_WARN_UNDECLARED_SELECTOR = YES;
				GCC_WARN_UNINITIALIZED_AUTOS = YES_AGGRESSIVE;
				GCC_WARN_UNUSED_FUNCTION = YES;
				GCC_WARN_UNUSED_VARIABLE = YES;
				IPHONEOS_DEPLOYMENT_TARGET = 10.1;
				MTL_ENABLE_DEBUG_INFO = NO;
				SDKROOT = iphoneos;
				TARGETED_DEVICE_FAMILY = "1,2";
				VALIDATE_PRODUCT = YES;
			};
			name = Release;
		};
		42020D321E08031700C23ED7 /* Debug */ = {
			isa = XCBuildConfiguration;
			buildSettings = {
				ASSETCATALOG_COMPILER_APPICON_NAME = AppIcon;
				DEVELOPMENT_TEAM = GTBA3VY927;
				INFOPLIST_FILE = GuoTableView/Info.plist;
				LD_RUNPATH_SEARCH_PATHS = "$(inherited) @executable_path/Frameworks";
				PRODUCT_BUNDLE_IDENTIFIER = gzh.GuoTableView;
				PRODUCT_NAME = "$(TARGET_NAME)";
			};
			name = Debug;
		};
		42020D331E08031700C23ED7 /* Release */ = {
			isa = XCBuildConfiguration;
			buildSettings = {
				ASSETCATALOG_COMPILER_APPICON_NAME = AppIcon;
				DEVELOPMENT_TEAM = GTBA3VY927;
				INFOPLIST_FILE = GuoTableView/Info.plist;
				LD_RUNPATH_SEARCH_PATHS = "$(inherited) @executable_path/Frameworks";
				PRODUCT_BUNDLE_IDENTIFIER = gzh.GuoTableView;
				PRODUCT_NAME = "$(TARGET_NAME)";
			};
			name = Release;
		};
/* End XCBuildConfiguration section */

/* Begin XCConfigurationList section */
		42020D151E08031700C23ED7 /* Build configuration list for PBXProject "GuoTableView" */ = {
			isa = XCConfigurationList;
			buildConfigurations = (
				42020D2F1E08031700C23ED7 /* Debug */,
				42020D301E08031700C23ED7 /* Release */,
			);
			defaultConfigurationIsVisible = 0;
			defaultConfigurationName = Release;
		};
		42020D311E08031700C23ED7 /* Build configuration list for PBXNativeTarget "GuoTableView" */ = {
			isa = XCConfigurationList;
			buildConfigurations = (
				42020D321E08031700C23ED7 /* Debug */,
				42020D331E08031700C23ED7 /* Release */,
			);
			defaultConfigurationIsVisible = 0;
		};
/* End XCConfigurationList section */
	};
	rootObject = 42020D121E08031700C23ED7 /* Project object */;
}
